
Microsoft Visual Studio Solution File, Format Version 12.00
# Visual Studio 15
VisualStudioVersion = 15.0.28010.2048
MinimumVisualStudioVersion = 10.0.40219.1
Project("{FAE04EC0-301F-11D3-BF4B-00C04F79EFBC}") = "HowToWriteCleanCodeInCSharp", "HowToWriteCleanCodeInCSharp\HowToWriteCleanCodeInCSharp.csproj", "{5709BEB8-E4ED-4975-BB44-0BE1C91774B3}"
EndProject
Global
	GlobalSection(SolutionConfigurationPlatforms) = preSolution
		Debug|Any CPU = Debug|Any CPU
		Release|Any CPU = Release|Any CPU
	EndGlobalSection
	GlobalSection(ProjectConfigurationPlatforms) = postSolution
		{5709BEB8-E4ED-4975-BB44-0BE1C91774B3}.Debug|Any CPU.ActiveCfg = Debug|Any CPU
		{5709BEB8-E4ED-4975-BB44-0BE1C91774B3}.Debug|Any CPU.Build.0 = Debug|Any CPU
		{5709BEB8-E4ED-4975-BB44-0BE1C91774B3}.Release|Any CPU.ActiveCfg = Release|Any CPU
		{5709BEB8-E4ED-4975-BB44-0BE1C91774B3}.Release|Any CPU.Build.0 = Release|Any CPU
	EndGlobalSection
	GlobalSection(SolutionProperties) = preSolution
		HideSolutionNode = FALSE
	EndGlobalSection
	GlobalSection(ExtensibilityGlobals) = postSolution
		SolutionGuid = {A0B0801D-0FC1-48F7-A42B-08EA2BC90855}
	EndGlobalSection
EndGlobal
